
Microsoft Visual Studio Solution File, Format Version 12.00
# Visual Studio 15
VisualStudioVersion = 15.0.28010.2050
MinimumVisualStudioVersion = 10.0.40219.1
Project("{FAE04EC0-301F-11D3-BF4B-00C04F79EFBC}") = "PDBReader", "PDBReader\PDBReader.csproj", "{90B3246B-46E9-4872-8740-3C20A2B8EE2A}"
EndProject
Global
	GlobalSection(SolutionConfigurationPlatforms) = preSolution
		Debug|Any CPU = Debug|Any CPU
		Release|Any CPU = Release|Any CPU
	EndGlobalSection
	GlobalSection(ProjectConfigurationPlatforms) = postSolution
		{90B3246B-46E9-4872-8740-3C20A2B8EE2A}.Debug|Any CPU.ActiveCfg = Debug|Any CPU
		{90B3246B-46E9-4872-8740-3C20A2B8EE2A}.Debug|Any CPU.Build.0 = Debug|Any CPU
		{90B3246B-46E9-4872-8740-3C20A2B8EE2A}.Release|Any CPU.ActiveCfg = Release|Any CPU
		{90B3246B-46E9-4872-8740-3C20A2B8EE2A}.Release|Any CPU.Build.0 = Release|Any CPU
	EndGlobalSection
	GlobalSection(SolutionProperties) = preSolution
		HideSolutionNode = FALSE
	EndGlobalSection
	GlobalSection(ExtensibilityGlobals) = postSolution
		SolutionGuid = {88EE9DDE-E7FB-4F9E-9438-6C0DC429CC93}
	EndGlobalSection
EndGlobal
